
Microsoft Visual Studio Solution File, Format Version 12.00
# Visual Studio Version 17
VisualStudioVersion = 17.14.36623.8 d17.14
MinimumVisualStudioVersion = 10.0.40219.1
Project("{8BC9CEB8-8B4A-11D0-8D11-00A0C91BC942}") = "Zadanie 3.0 FIFO", "Zadanie 3.0 FIFO\Zadanie 3.0 FIFO.vcxproj", "{C1BE91B4-A644-44B8-807C-169B860ABF6F}"
EndProject
Global
	GlobalSection(SolutionConfigurationPlatforms) = preSolution
		Debug|x64 = Debug|x64
		Debug|x86 = Debug|x86
		Release|x64 = Release|x64
		Release|x86 = Release|x86
	EndGlobalSection
	GlobalSection(ProjectConfigurationPlatforms) = postSolution
		{C1BE91B4-A644-44B8-807C-169B860ABF6F}.Debug|x64.ActiveCfg = Debug|x64
		{C1BE91B4-A644-44B8-807C-169B860ABF6F}.Debug|x64.Build.0 = Debug|x64
		{C1BE91B4-A644-44B8-807C-169B860ABF6F}.Debug|x86.ActiveCfg = Debug|Win32
		{C1BE91B4-A644-44B8-807C-169B860ABF6F}.Debug|x86.Build.0 = Debug|Win32
		{C1BE91B4-A644-44B8-807C-169B860ABF6F}.Release|x64.ActiveCfg = Release|x64
		{C1BE91B4-A644-44B8-807C-169B860ABF6F}.Release|x64.Build.0 = Release|x64
		{C1BE91B4-A644-44B8-807C-169B860ABF6F}.Release|x86.ActiveCfg = Release|Win32
		{C1BE91B4-A644-44B8-807C-169B860ABF6F}.Release|x86.Build.0 = Release|Win32
	EndGlobalSection
	GlobalSection(SolutionProperties) = preSolution
		HideSolutionNode = FALSE
	EndGlobalSection
	GlobalSection(ExtensibilityGlobals) = postSolution
		SolutionGuid = {1A402C2F-284C-4FBC-B8E9-2B4197653BA9}
	EndGlobalSection
EndGlobal
